
Microsoft Visual Studio Solution File, Format Version 12.00
# Visual Studio 15
VisualStudioVersion = 15.0.27703.2042
MinimumVisualStudioVersion = 10.0.40219.1
Project("{FAE04EC0-301F-11D3-BF4B-00C04F79EFBC}") = "Articles", "Articles\Articles.csproj", "{D8324EA2-E5FB-47D1-9EC4-0C38D9740873}"
EndProject
Global
	GlobalSection(SolutionConfigurationPlatforms) = preSolution
		Debug|Any CPU = Debug|Any CPU
		Release|Any CPU = Release|Any CPU
	EndGlobalSection
	GlobalSection(ProjectConfigurationPlatforms) = postSolution
		{D8324EA2-E5FB-47D1-9EC4-0C38D9740873}.Debug|Any CPU.ActiveCfg = Debug|Any CPU
		{D8324EA2-E5FB-47D1-9EC4-0C38D9740873}.Debug|Any CPU.Build.0 = Debug|Any CPU
		{D8324EA2-E5FB-47D1-9EC4-0C38D9740873}.Release|Any CPU.ActiveCfg = Release|Any CPU
		{D8324EA2-E5FB-47D1-9EC4-0C38D9740873}.Release|Any CPU.Build.0 = Release|Any CPU
	EndGlobalSection
	GlobalSection(SolutionProperties) = preSolution
		HideSolutionNode = FALSE
	EndGlobalSection
	GlobalSection(ExtensibilityGlobals) = postSolution
		SolutionGuid = {CB72D6A7-08C1-46BE-BE31-1F4D69C613B8}
	EndGlobalSection
EndGlobal
